// !$*UTF8*$!
{
	archiveVersion = 1;
	classes = {
	};
	objectVersion = 55;
	objects = {

/* Begin PBXBuildFile section */
		E7A7C021274C2F3200AEF29C /* AppDelegate.swift in Sources */ = {isa = PBXBuildFile; fileRef = E7A7C020274C2F3200AEF29C /* AppDelegate.swift */; };
		E7A7C023274C2F3200AEF29C /* SceneDelegate.swift in Sources */ = {isa = PBXBuildFile; fileRef = E7A7C022274C2F3200AEF29C /* SceneDelegate.swift */; };
		E7A7C025274C2F3200AEF29C /* CameraViewController.swift in Sources */ = {isa = PBXBuildFile; fileRef = E7A7C024274C2F3200AEF29C /* CameraViewController.swift */; };
		E7A7C028274C2F3200AEF29C /* Main.storyboard in Resources */ = {isa = PBXBuildFile; fileRef = E7A7C026274C2F3200AEF29C /* Main.storyboard */; };
		E7A7C02A274C2F3300AEF29C /* Assets.xcassets in Resources */ = {isa = PBXBuildFile; fileRef = E7A7C029274C2F3300AEF29C /* Assets.xcassets */; };
		E7A7C02D274C2F3300AEF29C /* LaunchScreen.storyboard in Resources */ = {isa = PBXBuildFile; fileRef = E7A7C02B274C2F3300AEF29C /* LaunchScreen.storyboard */; };
		E7A7C035274C2F6D00AEF29C /* CameraView.swift in Sources */ = {isa = PBXBuildFile; fileRef = E7A7C034274C2F6D00AEF29C /* CameraView.swift */; };
		E7A7C037274C2FF600AEF29C /* HandGestureProcessor.swift in Sources */ = {isa = PBXBuildFile; fileRef = E7A7C036274C2FF600AEF29C /* HandGestureProcessor.swift */; };
/* End PBXBuildFile section */

/* Begin PBXFileReference section */
		E7A7C01D274C2F3200AEF29C /* HandAndBody.app */ = {isa = PBXFileReference; explicitFileType = wrapper.application; includeInIndex = 0; path = HandAndBody.app; sourceTree = BUILT_PRODUCTS_DIR; };
		E7A7C020274C2F3200AEF29C /* AppDelegate.swift */ = {isa = PBXFileReference; lastKnownFileType = sourcecode.swift; path = AppDelegate.swift; sourceTree = "<group>"; };
		E7A7C022274C2F3200AEF29C /* SceneDelegate.swift */ = {isa = PBXFileReference; lastKnownFileType = sourcecode.swift; path = SceneDelegate.swift; sourceTree = "<group>"; };
		E7A7C024274C2F3200AEF29C /* CameraViewController.swift */ = {isa = PBXFileReference; lastKnownFileType = sourcecode.swift; path = CameraViewController.swift; sourceTree = "<group>"; };
		E7A7C027274C2F3200AEF29C /* Base */ = {isa = PBXFileReference; lastKnownFileType = file.storyboard; name = Base; path = Base.lproj/Main.storyboard; sourceTree = "<group>"; };
		E7A7C029274C2F3300AEF29C /* Assets.xcassets */ = {isa = PBXFileReference; lastKnownFileType = folder.assetcatalog; path = Assets.xcassets; sourceTree = "<group>"; };
		E7A7C02C274C2F3300AEF29C /* Base */ = {isa = PBXFileReference; lastKnownFileType = file.storyboard; name = Base; path = Base.lproj/LaunchScreen.storyboard; sourceTree = "<group>"; };
		E7A7C02E274C2F3300AEF29C /* Info.plist */ = {isa = PBXFileReference; lastKnownFileType = text.plist.xml; path = Info.plist; sourceTree = "<group>"; };
		E7A7C034274C2F6D00AEF29C /* CameraView.swift */ = {isa = PBXFileReference; lastKnownFileType = sourcecode.swift; path = CameraView.swift; sourceTree = "<group>"; };
		E7A7C036274C2FF600AEF29C /* HandGestureProcessor.swift */ = {isa = PBXFileReference; lastKnownFileType = sourcecode.swift; path = HandGestureProcessor.swift; sourceTree = "<group>"; };
/* End PBXFileReference section */

/* Begin PBXFrameworksBuildPhase section */
		E7A7C01A274C2F3200AEF29C /* Frameworks */ = {
			isa = PBXFrameworksBuildPhase;
			buildActionMask = 2147483647;
			files = (
			);
			runOnlyForDeploymentPostprocessing = 0;
		};
/* End PBXFrameworksBuildPhase section */

/* Begin PBXGroup section */
		E7A7C014274C2F3200AEF29C = {
			isa = PBXGroup;
			children = (
				E7A7C01F274C2F3200AEF29C /* HandAndBody */,
				E7A7C01E274C2F3200AEF29C /* Products */,
			);
			sourceTree = "<group>";
		};
		E7A7C01E274C2F3200AEF29C /* Products */ = {
			isa = PBXGroup;
			children = (
				E7A7C01D274C2F3200AEF29C /* HandAndBody.app */,
			);
			name = Products;
			sourceTree = "<group>";
		};
		E7A7C01F274C2F3200AEF29C /* HandAndBody */ = {
			isa = PBXGroup;
			children = (
				E7A7C020274C2F3200AEF29C /* AppDelegate.swift */,
				E7A7C022274C2F3200AEF29C /* SceneDelegate.swift */,
				E7A7C024274C2F3200AEF29C /* CameraViewController.swift */,
				E7A7C026274C2F3200AEF29C /* Main.storyboard */,
				E7A7C029274C2F3300AEF29C /* Assets.xcassets */,
				E7A7C02B274C2F3300AEF29C /* LaunchScreen.storyboard */,
				E7A7C02E274C2F3300AEF29C /* Info.plist */,
				E7A7C034274C2F6D00AEF29C /* CameraView.swift */,
				E7A7C036274C2FF600AEF29C /* HandGestureProcessor.swift */,
			);
			path = HandAndBody;
			sourceTree = "<group>";
		};
/* End PBXGroup section */

/* Begin PBXNativeTarget section */
		E7A7C01C274C2F3200AEF29C /* HandAndBody */ = {
			isa = PBXNativeTarget;
			buildConfigurationList = E7A7C031274C2F3300AEF29C /* Build configuration list for PBXNativeTarget "HandAndBody" */;
			buildPhases = (
				E7A7C019274C2F3200AEF29C /* Sources */,
				E7A7C01A274C2F3200AEF29C /* Frameworks */,
				E7A7C01B274C2F3200AEF29C /* Resources */,
			);
			buildRules = (
			);
			dependencies = (
			);
			name = HandAndBody;
			productName = HandAndBody;
			productReference = E7A7C01D274C2F3200AEF29C /* HandAndBody.app */;
			productType = "com.apple.product-type.application";
		};
/* End PBXNativeTarget section */

/* Begin PBXProject section */
		E7A7C015274C2F3200AEF29C /* Project object */ = {
			isa = PBXProject;
			attributes = {
				BuildIndependentTargetsInParallel = 1;
				LastSwiftUpdateCheck = 1310;
				LastUpgradeCheck = 1310;
				TargetAttributes = {
					E7A7C01C274C2F3200AEF29C = {
						CreatedOnToolsVersion = 13.1;
					};
				};
			};
			buildConfigurationList = E7A7C018274C2F3200AEF29C /* Build configuration list for PBXProject "HandAndBody" */;
			compatibilityVersion = "Xcode 13.0";
			developmentRegion = en;
			hasScannedForEncodings = 0;
			knownRegions = (
				en,
				Base,
			);
			mainGroup = E7A7C014274C2F3200AEF29C;
			productRefGroup = E7A7C01E274C2F3200AEF29C /* Products */;
			projectDirPath = "";
			projectRoot = "";
			targets = (
				E7A7C01C274C2F3200AEF29C /* HandAndBody */,
			);
		};
/* End PBXProject section */

/* Begin PBXResourcesBuildPhase section */
		E7A7C01B274C2F3200AEF29C /* Resources */ = {
			isa = PBXResourcesBuildPhase;
			buildActionMask = 2147483647;
			files = (
				E7A7C02D274C2F3300AEF29C /* LaunchScreen.storyboard in Resources */,
				E7A7C02A274C2F3300AEF29C /* Assets.xcassets in Resources */,
				E7A7C028274C2F3200AEF29C /* Main.storyboard in Resources */,
			);
			runOnlyForDeploymentPostprocessing = 0;
		};
/* End PBXResourcesBuildPhase section */

/* Begin PBXSourcesBuildPhase section */
		E7A7C019274C2F3200AEF29C /* Sources */ = {
			isa = PBXSourcesBuildPhase;
			buildActionMask = 2147483647;
			files = (
				E7A7C037274C2FF600AEF29C /* HandGestureProcessor.swift in Sources */,
				E7A7C025274C2F3200AEF29C /* CameraViewController.swift in Sources */,
				E7A7C021274C2F3200AEF29C /* AppDelegate.swift in Sources */,
				E7A7C023274C2F3200AEF29C /* SceneDelegate.swift in Sources */,
				E7A7C035274C2F6D00AEF29C /* CameraView.swift in Sources */,
			);
			runOnlyForDeploymentPostprocessing = 0;
		};
/* End PBXSourcesBuildPhase section */

/* Begin PBXVariantGroup section */
		E7A7C026274C2F3200AEF29C /* Main.storyboard */ = {
			isa = PBXVariantGroup;
			children = (
				E7A7C027274C2F3200AEF29C /* Base */,
			);
			name = Main.storyboard;
			sourceTree = "<group>";
		};
		E7A7C02B274C2F3300AEF29C /* LaunchScreen.storyboard */ = {
			isa = PBXVariantGroup;
			children = (
				E7A7C02C274C2F3300AEF29C /* Base */,
			);
			name = LaunchScreen.storyboard;
			sourceTree = "<group>";
		};
/* End PBXVariantGroup section */

/* Begin XCBuildConfiguration section */
		E7A7C02F274C2F3300AEF29C /* Debug */ = {
			isa = XCBuildConfiguration;
			buildSettings = {
				ALWAYS_SEARCH_USER_PATHS = NO;
				CLANG_ANALYZER_NONNULL = YES;
				CLANG_ANALYZER_NUMBER_OBJECT_CONVERSION = YES_AGGRESSIVE;
				CLANG_CXX_LANGUAGE_STANDARD = "gnu++17";
				CLANG_CXX_LIBRARY = "libc++";
				CLANG_ENABLE_MODULES = YES;
				CLANG_ENABLE_OBJC_ARC = YES;
				CLANG_ENABLE_OBJC_WEAK = YES;
				CLANG_WARN_BLOCK_CAPTURE_AUTORELEASING = YES;
				CLANG_WARN_BOOL_CONVERSION = YES;
				CLANG_WARN_COMMA = YES;
				CLANG_WARN_CONSTANT_CONVERSION = YES;
				CLANG_WARN_DEPRECATED_OBJC_IMPLEMENTATIONS = YES;
				CLANG_WARN_DIRECT_OBJC_ISA_USAGE = YES_ERROR;
				CLANG_WARN_DOCUMENTATION_COMMENTS = YES;
				CLANG_WARN_EMPTY_BODY = YES;
				CLANG_WARN_ENUM_CONVERSION = YES;
				CLANG_WARN_INFINITE_RECURSION = YES;
				CLANG_WARN_INT_CONVERSION = YES;
				CLANG_WARN_NON_LITERAL_NULL_CONVERSION = YES;
				CLANG_WARN_OBJC_IMPLICIT_RETAIN_SELF = YES;
				CLANG_WARN_OBJC_LITERAL_CONVERSION = YES;
				CLANG_WARN_OBJC_ROOT_CLASS = YES_ERROR;
				CLANG_WARN_QUOTED_INCLUDE_IN_FRAMEWORK_HEADER = YES;
				CLANG_WARN_RANGE_LOOP_ANALYSIS = YES;
				CLANG_WARN_STRICT_PROTOTYPES = YES;
				CLANG_WARN_SUSPICIOUS_MOVE = YES;
				CLANG_WARN_UNGUARDED_AVAILABILITY = YES_AGGRESSIVE;
				CLANG_WARN_UNREACHABLE_CODE = YES;
				CLANG_WARN__DUPLICATE_METHOD_MATCH = YES;
				COPY_PHASE_STRIP = NO;
				DEBUG_INFORMATION_FORMAT = dwarf;
				ENABLE_STRICT_OBJC_MSGSEND = YES;
				ENABLE_TESTABILITY = YES;
				GCC_C_LANGUAGE_STANDARD = gnu11;
				GCC_DYNAMIC_NO_PIC = NO;
				GCC_NO_COMMON_BLOCKS = YES;
				GCC_OPTIMIZATION_LEVEL = 0;
				GCC_PREPROCESSOR_DEFINITIONS = (
					"DEBUG=1",
					"$(inherited)",
				);
				GCC_WARN_64_TO_32_BIT_CONVERSION = YES;
				GCC_WARN_ABOUT_RETURN_TYPE = YES_ERROR;
				GCC_WARN_UNDECLARED_SELECTOR = YES;
				GCC_WARN_UNINITIALIZED_AUTOS = YES_AGGRESSIVE;
				GCC_WARN_UNUSED_FUNCTION = YES;
				GCC_WARN_UNUSED_VARIABLE = YES;
				IPHONEOS_DEPLOYMENT_TARGET = 15.0;
				MTL_ENABLE_DEBUG_INFO = INCLUDE_SOURCE;
				MTL_FAST_MATH = YES;
				ONLY_ACTIVE_ARCH = YES;
				SDKROOT = iphoneos;
				SWIFT_ACTIVE_COMPILATION_CONDITIONS = DEBUG;
				SWIFT_OPTIMIZATION_LEVEL = "-Onone";
			};
			name = Debug;
		};
		E7A7C030274C2F3300AEF29C /* Release */ = {
			isa = XCBuildConfiguration;
			buildSettings = {
				ALWAYS_SEARCH_USER_PATHS = NO;
				CLANG_ANALYZER_NONNULL = YES;
				CLANG_ANALYZER_NUMBER_OBJECT_CONVERSION = YES_AGGRESSIVE;
				CLANG_CXX_LANGUAGE_STANDARD = "gnu++17";
				CLANG_CXX_LIBRARY = "libc++";
				CLANG_ENABLE_MODULES = YES;
				CLANG_ENABLE_OBJC_ARC = YES;
				CLANG_ENABLE_OBJC_WEAK = YES;
				CLANG_WARN_BLOCK_CAPTURE_AUTORELEASING = YES;
				CLANG_WARN_BOOL_CONVERSION = YES;
				CLANG_WARN_COMMA = YES;
				CLANG_WARN_CONSTANT_CONVERSION = YES;
				CLANG_WARN_DEPRECATED_OBJC_IMPLEMENTATIONS = YES;
				CLANG_WARN_DIRECT_OBJC_ISA_USAGE = YES_ERROR;
				CLANG_WARN_DOCUMENTATION_COMMENTS = YES;
				CLANG_WARN_EMPTY_BODY = YES;
				CLANG_WARN_ENUM_CONVERSION = YES;
				CLANG_WARN_INFINITE_RECURSION = YES;
				CLANG_WARN_INT_CONVERSION = YES;
				CLANG_WARN_NON_LITERAL_NULL_CONVERSION = YES;
				CLANG_WARN_OBJC_IMPLICIT_RETAIN_SELF = YES;
				CLANG_WARN_OBJC_LITERAL_CONVERSION = YES;
				CLANG_WARN_OBJC_ROOT_CLASS = YES_ERROR;
				CLANG_WARN_QUOTED_INCLUDE_IN_FRAMEWORK_HEADER = YES;
				CLANG_WARN_RANGE_LOOP_ANALYSIS = YES;
				CLANG_WARN_STRICT_PROTOTYPES = YES;
				CLANG_WARN_SUSPICIOUS_MOVE = YES;
				CLANG_WARN_UNGUARDED_AVAILABILITY = YES_AGGRESSIVE;
				CLANG_WARN_UNREACHABLE_CODE = YES;
				CLANG_WARN__DUPLICATE_METHOD_MATCH = YES;
				COPY_PHASE_STRIP = NO;
				DEBUG_INFORMATION_FORMAT = "dwarf-with-dsym";
				ENABLE_NS_ASSERTIONS = NO;
				ENABLE_STRICT_OBJC_MSGSEND = YES;
				GCC_C_LANGUAGE_STANDARD = gnu11;
				GCC_NO_COMMON_BLOCKS = YES;
				GCC_WARN_64_TO_32_BIT_CONVERSION = YES;
				GCC_WARN_ABOUT_RETURN_TYPE = YES_ERROR;
				GCC_WARN_UNDECLARED_SELECTOR = YES;
				GCC_WARN_UNINITIALIZED_AUTOS = YES_AGGRESSIVE;
				GCC_WARN_UNUSED_FUNCTION = YES;
				GCC_WARN_UNUSED_VARIABLE = YES;
				IPHONEOS_DEPLOYMENT_TARGET = 15.0;
				MTL_ENABLE_DEBUG_INFO = NO;
				MTL_FAST_MATH = YES;
				SDKROOT = iphoneos;
				SWIFT_COMPILATION_MODE = wholemodule;
				SWIFT_OPTIMIZATION_LEVEL = "-O";
				VALIDATE_PRODUCT = YES;
			};
			name = Release;
		};
		E7A7C032274C2F3300AEF29C /* Debug */ = {
			isa = XCBuildConfiguration;
			buildSettings = {
				ASSETCATALOG_COMPILER_APPICON_NAME = AppIcon;
				ASSETCATALOG_COMPILER_GLOBAL_ACCENT_COLOR_NAME = AccentColor;
				CODE_SIGN_STYLE = Automatic;
				CURRENT_PROJECT_VERSION = 1;
				DEVELOPMENT_TEAM = 62RRN86UA9;
				GENERATE_INFOPLIST_FILE = YES;
				INFOPLIST_FILE = HandAndBody/Info.plist;
				INFOPLIST_KEY_UIApplicationSupportsIndirectInputEvents = YES;
				INFOPLIST_KEY_UILaunchStoryboardName = LaunchScreen;
				INFOPLIST_KEY_UIMainStoryboardFile = Main;
				INFOPLIST_KEY_UISupportedInterfaceOrientations_iPad = "UIInterfaceOrientationPortrait UIInterfaceOrientationPortraitUpsideDown UIInterfaceOrientationLandscapeLeft UIInterfaceOrientationLandscapeRight";
				INFOPLIST_KEY_UISupportedInterfaceOrientations_iPhone = "UIInterfaceOrientationPortrait UIInterfaceOrientationLandscapeLeft UIInterfaceOrientationLandscapeRight";
				LD_RUNPATH_SEARCH_PATHS = (
					"$(inherited)",
					"@executable_path/Frameworks",
				);
				MARKETING_VERSION = 1.0;
				PRODUCT_BUNDLE_IDENTIFIER = com.gyorgyborz.HandAndBody;
				PRODUCT_NAME = "$(TARGET_NAME)";
				SWIFT_EMIT_LOC_STRINGS = YES;
				SWIFT_VERSION = 5.0;
				TARGETED_DEVICE_FAMILY = "1,2";
			};
			name = Debug;
		};
		E7A7C033274C2F3300AEF29C /* Release */ = {
			isa = XCBuildConfiguration;
			buildSettings = {
				ASSETCATALOG_COMPILER_APPICON_NAME = AppIcon;
				ASSETCATALOG_COMPILER_GLOBAL_ACCENT_COLOR_NAME = AccentColor;
				CODE_SIGN_STYLE = Automatic;
				CURRENT_PROJECT_VERSION = 1;
				DEVELOPMENT_TEAM = 62RRN86UA9;
				GENERATE_INFOPLIST_FILE = YES;
				INFOPLIST_FILE = HandAndBody/Info.plist;
				INFOPLIST_KEY_UIApplicationSupportsIndirectInputEvents = YES;
				INFOPLIST_KEY_UILaunchStoryboardName = LaunchScreen;
				INFOPLIST_KEY_UIMainStoryboardFile = Main;
				INFOPLIST_KEY_UISupportedInterfaceOrientations_iPad = "UIInterfaceOrientationPortrait UIInterfaceOrientationPortraitUpsideDown UIInterfaceOrientationLandscapeLeft UIInterfaceOrientationLandscapeRight";
				INFOPLIST_KEY_UISupportedInterfaceOrientations_iPhone = "UIInterfaceOrientationPortrait UIInterfaceOrientationLandscapeLeft UIInterfaceOrientationLandscapeRight";
				LD_RUNPATH_SEARCH_PATHS = (
					"$(inherited)",
					"@executable_path/Frameworks",
				);
				MARKETING_VERSION = 1.0;
				PRODUCT_BUNDLE_IDENTIFIER = com.gyorgyborz.HandAndBody;
				PRODUCT_NAME = "$(TARGET_NAME)";
				SWIFT_EMIT_LOC_STRINGS = YES;
				SWIFT_VERSION = 5.0;
				TARGETED_DEVICE_FAMILY = "1,2";
			};
			name = Release;
		};
/* End XCBuildConfiguration section */

/* Begin XCConfigurationList section */
		E7A7C018274C2F3200AEF29C /* Build configuration list for PBXProject "HandAndBody" */ = {
			isa = XCConfigurationList;
			buildConfigurations = (
				E7A7C02F274C2F3300AEF29C /* Debug */,
				E7A7C030274C2F3300AEF29C /* Release */,
			);
			defaultConfigurationIsVisible = 0;
			defaultConfigurationName = Release;
		};
		E7A7C031274C2F3300AEF29C /* Build configuration list for PBXNativeTarget "HandAndBody" */ = {
			isa = XCConfigurationList;
			buildConfigurations = (
				E7A7C032274C2F3300AEF29C /* Debug */,
				E7A7C033274C2F3300AEF29C /* Release */,
			);
			defaultConfigurationIsVisible = 0;
			defaultConfigurationName = Release;
		};
/* End XCConfigurationList section */
	};
	rootObject = E7A7C015274C2F3200AEF29C /* Project object */;
}
